
Microsoft Visual Studio Solution File, Format Version 12.00
# Visual Studio 15
VisualStudioVersion = 15.0.28307.106
MinimumVisualStudioVersion = 10.0.40219.1
Project("{FAE04EC0-301F-11D3-BF4B-00C04F79EFBC}") = "Flattening", "Flattening\Flattening.csproj", "{59B1D0A8-0333-4D3E-9B05-3257D760E31C}"
EndProject
Project("{FAE04EC0-301F-11D3-BF4B-00C04F79EFBC}") = "Unflattening", "Unflattening\Unflattening.csproj", "{C514B7D7-CB02-45A9-AFC2-D4908B4D2AD7}"
EndProject
Project("{FAE04EC0-301F-11D3-BF4B-00C04F79EFBC}") = "Projection", "Projection\Projection.csproj", "{F70CEC44-5F3D-4081-84CD-2D1F18FAF3F2}"
EndProject
Project("{FAE04EC0-301F-11D3-BF4B-00C04F79EFBC}") = "ConfigurationValidation", "ConfigurationValidation\ConfigurationValidation.csproj", "{FB446F7A-D471-4473-ABC8-5A924A632422}"
EndProject
Project("{FAE04EC0-301F-11D3-BF4B-00C04F79EFBC}") = "ListAndArrays", "ListAndArrays\ListAndArrays.csproj", "{ED75DD2F-C92A-4E44-9D15-9FB3BFD336D0}"
EndProject
Project("{FAE04EC0-301F-11D3-BF4B-00C04F79EFBC}") = "PolymorphicElementTypes", "PolymorphicElementTypes\PolymorphicElementTypes.csproj", "{EBB358B7-322A-4338-90DE-352E10DB219B}"
EndProject
Project("{FAE04EC0-301F-11D3-BF4B-00C04F79EFBC}") = "NestedMappings", "NestedMappings\NestedMappings.csproj", "{BFC98D62-F39D-4C18-9E33-542D78B105AF}"
EndProject
Project("{FAE04EC0-301F-11D3-BF4B-00C04F79EFBC}") = "CustomTypeConverters", "CustomTypeConverters\CustomTypeConverters.csproj", "{E7397FEB-DC2B-4959-A268-8D0E33B0E25F}"
EndProject
Global
	GlobalSection(SolutionConfigurationPlatforms) = preSolution
		Debug|Any CPU = Debug|Any CPU
		Release|Any CPU = Release|Any CPU
	EndGlobalSection
	GlobalSection(ProjectConfigurationPlatforms) = postSolution
		{59B1D0A8-0333-4D3E-9B05-3257D760E31C}.Debug|Any CPU.ActiveCfg = Debug|Any CPU
		{59B1D0A8-0333-4D3E-9B05-3257D760E31C}.Debug|Any CPU.Build.0 = Debug|Any CPU
		{59B1D0A8-0333-4D3E-9B05-3257D760E31C}.Release|Any CPU.ActiveCfg = Release|Any CPU
		{59B1D0A8-0333-4D3E-9B05-3257D760E31C}.Release|Any CPU.Build.0 = Release|Any CPU
		{C514B7D7-CB02-45A9-AFC2-D4908B4D2AD7}.Debug|Any CPU.ActiveCfg = Debug|Any CPU
		{C514B7D7-CB02-45A9-AFC2-D4908B4D2AD7}.Debug|Any CPU.Build.0 = Debug|Any CPU
		{C514B7D7-CB02-45A9-AFC2-D4908B4D2AD7}.Release|Any CPU.ActiveCfg = Release|Any CPU
		{C514B7D7-CB02-45A9-AFC2-D4908B4D2AD7}.Release|Any CPU.Build.0 = Release|Any CPU
		{F70CEC44-5F3D-4081-84CD-2D1F18FAF3F2}.Debug|Any CPU.ActiveCfg = Debug|Any CPU
		{F70CEC44-5F3D-4081-84CD-2D1F18FAF3F2}.Debug|Any CPU.Build.0 = Debug|Any CPU
		{F70CEC44-5F3D-4081-84CD-2D1F18FAF3F2}.Release|Any CPU.ActiveCfg = Release|Any CPU
		{F70CEC44-5F3D-4081-84CD-2D1F18FAF3F2}.Release|Any CPU.Build.0 = Release|Any CPU
		{FB446F7A-D471-4473-ABC8-5A924A632422}.Debug|Any CPU.ActiveCfg = Debug|Any CPU
		{FB446F7A-D471-4473-ABC8-5A924A632422}.Debug|Any CPU.Build.0 = Debug|Any CPU
		{FB446F7A-D471-4473-ABC8-5A924A632422}.Release|Any CPU.ActiveCfg = Release|Any CPU
		{FB446F7A-D471-4473-ABC8-5A924A632422}.Release|Any CPU.Build.0 = Release|Any CPU
		{ED75DD2F-C92A-4E44-9D15-9FB3BFD336D0}.Debug|Any CPU.ActiveCfg = Debug|Any CPU
		{ED75DD2F-C92A-4E44-9D15-9FB3BFD336D0}.Debug|Any CPU.Build.0 = Debug|Any CPU
		{ED75DD2F-C92A-4E44-9D15-9FB3BFD336D0}.Release|Any CPU.ActiveCfg = Release|Any CPU
		{ED75DD2F-C92A-4E44-9D15-9FB3BFD336D0}.Release|Any CPU.Build.0 = Release|Any CPU
		{EBB358B7-322A-4338-90DE-352E10DB219B}.Debug|Any CPU.ActiveCfg = Debug|Any CPU
		{EBB358B7-322A-4338-90DE-352E10DB219B}.Debug|Any CPU.Build.0 = Debug|Any CPU
		{EBB358B7-322A-4338-90DE-352E10DB219B}.Release|Any CPU.ActiveCfg = Release|Any CPU
		{EBB358B7-322A-4338-90DE-352E10DB219B}.Release|Any CPU.Build.0 = Release|Any CPU
		{BFC98D62-F39D-4C18-9E33-542D78B105AF}.Debug|Any CPU.ActiveCfg = Debug|Any CPU
		{BFC98D62-F39D-4C18-9E33-542D78B105AF}.Debug|Any CPU.Build.0 = Debug|Any CPU
		{BFC98D62-F39D-4C18-9E33-542D78B105AF}.Release|Any CPU.ActiveCfg = Release|Any CPU
		{BFC98D62-F39D-4C18-9E33-542D78B105AF}.Release|Any CPU.Build.0 = Release|Any CPU
		{E7397FEB-DC2B-4959-A268-8D0E33B0E25F}.Debug|Any CPU.ActiveCfg = Debug|Any CPU
		{E7397FEB-DC2B-4959-A268-8D0E33B0E25F}.Debug|Any CPU.Build.0 = Debug|Any CPU
		{E7397FEB-DC2B-4959-A268-8D0E33B0E25F}.Release|Any CPU.ActiveCfg = Release|Any CPU
		{E7397FEB-DC2B-4959-A268-8D0E33B0E25F}.Release|Any CPU.Build.0 = Release|Any CPU
	EndGlobalSection
	GlobalSection(SolutionProperties) = preSolution
		HideSolutionNode = FALSE
	EndGlobalSection
	GlobalSection(ExtensibilityGlobals) = postSolution
		SolutionGuid = {96E51371-539D-4855-9BBE-8CC2B33F7FF6}
	EndGlobalSection
EndGlobal
