
Microsoft Visual Studio Solution File, Format Version 12.00
# Visual Studio 15
VisualStudioVersion = 15.0.28307.106
MinimumVisualStudioVersion = 10.0.40219.1
Project("{FAE04EC0-301F-11D3-BF4B-00C04F79EFBC}") = "Flattening", "Flattening\Flattening.csproj", "{59B1D0A8-0333-4D3E-9B05-3257D760E31C}"
EndProject
Project("{FAE04EC0-301F-11D3-BF4B-00C04F79EFBC}") = "Unflattening", "Unflattening\Unflattening.csproj", "{C514B7D7-CB02-45A9-AFC2-D4908B4D2AD7}"
EndProject
Global
	GlobalSection(SolutionConfigurationPlatforms) = preSolution
		Debug|Any CPU = Debug|Any CPU
		Release|Any CPU = Release|Any CPU
	EndGlobalSection
	GlobalSection(ProjectConfigurationPlatforms) = postSolution
		{59B1D0A8-0333-4D3E-9B05-3257D760E31C}.Debug|Any CPU.ActiveCfg = Debug|Any CPU
		{59B1D0A8-0333-4D3E-9B05-3257D760E31C}.Debug|Any CPU.Build.0 = Debug|Any CPU
		{59B1D0A8-0333-4D3E-9B05-3257D760E31C}.Release|Any CPU.ActiveCfg = Release|Any CPU
		{59B1D0A8-0333-4D3E-9B05-3257D760E31C}.Release|Any CPU.Build.0 = Release|Any CPU
		{C514B7D7-CB02-45A9-AFC2-D4908B4D2AD7}.Debug|Any CPU.ActiveCfg = Debug|Any CPU
		{C514B7D7-CB02-45A9-AFC2-D4908B4D2AD7}.Debug|Any CPU.Build.0 = Debug|Any CPU
		{C514B7D7-CB02-45A9-AFC2-D4908B4D2AD7}.Release|Any CPU.ActiveCfg = Release|Any CPU
		{C514B7D7-CB02-45A9-AFC2-D4908B4D2AD7}.Release|Any CPU.Build.0 = Release|Any CPU
	EndGlobalSection
	GlobalSection(SolutionProperties) = preSolution
		HideSolutionNode = FALSE
	EndGlobalSection
	GlobalSection(ExtensibilityGlobals) = postSolution
		SolutionGuid = {96E51371-539D-4855-9BBE-8CC2B33F7FF6}
	EndGlobalSection
EndGlobal
